Microsoft Visual Studio Solution File, Format Version 11.00
# Visual Studio 2008

Project("{0C26B5BE-252E-5FC1-5019-CCB715BBA04D}") = "git-unity-demo-54", "Assembly-CSharp.csproj", "{4F24E675-1F55-FD2C-8130-B2120DA7234F}"
EndProject
Global
	GlobalSection(SolutionConfigurationPlatforms) = preSolution
		Debug|Any CPU = Debug|Any CPU
		Release|Any CPU = Release|Any CPU
	EndGlobalSection
	GlobalSection(ProjectConfigurationPlatforms) = postSolution
		{4F24E675-1F55-FD2C-8130-B2120DA7234F}.Debug|Any CPU.ActiveCfg = Debug|Any CPU
		{4F24E675-1F55-FD2C-8130-B2120DA7234F}.Debug|Any CPU.Build.0 = Debug|Any CPU
		{4F24E675-1F55-FD2C-8130-B2120DA7234F}.Release|Any CPU.ActiveCfg = Release|Any CPU
		{4F24E675-1F55-FD2C-8130-B2120DA7234F}.Release|Any CPU.Build.0 = Release|Any CPU
	EndGlobalSection
	GlobalSection(SolutionProperties) = preSolution
		HideSolutionNode = FALSE
	EndGlobalSection
	GlobalSection(MonoDevelopProperties) = preSolution
		StartupItem = Assembly-CSharp.csproj
	EndGlobalSection
EndGlobal
